
Microsoft Visual Studio Solution File, Format Version 12.00
# Visual Studio 2012
Project("{FAE04EC0-301F-11D3-BF4B-00C04F79EFBC}") = "army.Android", "army.Android\army.Android.csproj", "{CD2ABA21-CAAC-4EC5-867F-2DF3D9153E3D}"
EndProject
Project("{FAE04EC0-301F-11D3-BF4B-00C04F79EFBC}") = "army.iOS", "army.iOS\army.iOS.csproj", "{300025A6-6EFE-4FED-9500-F9B70DD36B10}"
EndProject
Project("{D954291E-2A0B-460D-934E-DC6B0785DB48}") = "army", "army\army.shproj", "{06C35753-30D8-44FD-8C3F-744B260385D7}"
EndProject
Global
	GlobalSection(SolutionConfigurationPlatforms) = preSolution
		Debug|Any CPU = Debug|Any CPU
		Release|Any CPU = Release|Any CPU
		Debug|iPhoneSimulator = Debug|iPhoneSimulator
		Release|iPhoneSimulator = Release|iPhoneSimulator
		Debug|iPhone = Debug|iPhone
		Release|iPhone = Release|iPhone
		Ad-Hoc|iPhone = Ad-Hoc|iPhone
		AppStore|iPhone = AppStore|iPhone
	EndGlobalSection
	GlobalSection(ProjectConfigurationPlatforms) = postSolution
		{CD2ABA21-CAAC-4EC5-867F-2DF3D9153E3D}.Debug|Any CPU.ActiveCfg = Debug|Any CPU
		{CD2ABA21-CAAC-4EC5-867F-2DF3D9153E3D}.Debug|Any CPU.Build.0 = Debug|Any CPU
		{CD2ABA21-CAAC-4EC5-867F-2DF3D9153E3D}.Release|Any CPU.ActiveCfg = Release|Any CPU
		{CD2ABA21-CAAC-4EC5-867F-2DF3D9153E3D}.Release|Any CPU.Build.0 = Release|Any CPU
		{CD2ABA21-CAAC-4EC5-867F-2DF3D9153E3D}.Debug|iPhoneSimulator.ActiveCfg = Debug|Any CPU
		{CD2ABA21-CAAC-4EC5-867F-2DF3D9153E3D}.Debug|iPhoneSimulator.Build.0 = Debug|Any CPU
		{CD2ABA21-CAAC-4EC5-867F-2DF3D9153E3D}.Release|iPhoneSimulator.ActiveCfg = Release|Any CPU
		{CD2ABA21-CAAC-4EC5-867F-2DF3D9153E3D}.Release|iPhoneSimulator.Build.0 = Release|Any CPU
		{CD2ABA21-CAAC-4EC5-867F-2DF3D9153E3D}.Debug|iPhone.ActiveCfg = Debug|Any CPU
		{CD2ABA21-CAAC-4EC5-867F-2DF3D9153E3D}.Debug|iPhone.Build.0 = Debug|Any CPU
		{CD2ABA21-CAAC-4EC5-867F-2DF3D9153E3D}.Release|iPhone.ActiveCfg = Release|Any CPU
		{CD2ABA21-CAAC-4EC5-867F-2DF3D9153E3D}.Release|iPhone.Build.0 = Release|Any CPU
		{CD2ABA21-CAAC-4EC5-867F-2DF3D9153E3D}.Ad-Hoc|iPhone.ActiveCfg = Debug|Any CPU
		{CD2ABA21-CAAC-4EC5-867F-2DF3D9153E3D}.Ad-Hoc|iPhone.Build.0 = Debug|Any CPU
		{CD2ABA21-CAAC-4EC5-867F-2DF3D9153E3D}.AppStore|iPhone.ActiveCfg = Debug|Any CPU
		{CD2ABA21-CAAC-4EC5-867F-2DF3D9153E3D}.AppStore|iPhone.Build.0 = Debug|Any CPU
		{300025A6-6EFE-4FED-9500-F9B70DD36B10}.Debug|Any CPU.ActiveCfg = Debug|iPhoneSimulator
		{300025A6-6EFE-4FED-9500-F9B70DD36B10}.Debug|Any CPU.Build.0 = Debug|iPhoneSimulator
		{300025A6-6EFE-4FED-9500-F9B70DD36B10}.Release|Any CPU.ActiveCfg = Release|iPhoneSimulator
		{300025A6-6EFE-4FED-9500-F9B70DD36B10}.Release|Any CPU.Build.0 = Release|iPhoneSimulator
		{300025A6-6EFE-4FED-9500-F9B70DD36B10}.Debug|iPhoneSimulator.ActiveCfg = Debug|iPhoneSimulator
		{300025A6-6EFE-4FED-9500-F9B70DD36B10}.Debug|iPhoneSimulator.Build.0 = Debug|iPhoneSimulator
		{300025A6-6EFE-4FED-9500-F9B70DD36B10}.Release|iPhoneSimulator.ActiveCfg = Release|iPhoneSimulator
		{300025A6-6EFE-4FED-9500-F9B70DD36B10}.Release|iPhoneSimulator.Build.0 = Release|iPhoneSimulator
		{300025A6-6EFE-4FED-9500-F9B70DD36B10}.Debug|iPhone.ActiveCfg = Debug|iPhone
		{300025A6-6EFE-4FED-9500-F9B70DD36B10}.Debug|iPhone.Build.0 = Debug|iPhone
		{300025A6-6EFE-4FED-9500-F9B70DD36B10}.Release|iPhone.ActiveCfg = Release|iPhone
		{300025A6-6EFE-4FED-9500-F9B70DD36B10}.Release|iPhone.Build.0 = Release|iPhone
		{300025A6-6EFE-4FED-9500-F9B70DD36B10}.Ad-Hoc|iPhone.ActiveCfg = Ad-Hoc|iPhone
		{300025A6-6EFE-4FED-9500-F9B70DD36B10}.Ad-Hoc|iPhone.Build.0 = Ad-Hoc|iPhone
		{300025A6-6EFE-4FED-9500-F9B70DD36B10}.AppStore|iPhone.ActiveCfg = AppStore|iPhone
		{300025A6-6EFE-4FED-9500-F9B70DD36B10}.AppStore|iPhone.Build.0 = AppStore|iPhone
	EndGlobalSection
EndGlobal
